
Microsoft Visual Studio Solution File, Format Version 12.00
# Visual Studio Version 17
VisualStudioVersion = 17.3.32901.215
MinimumVisualStudioVersion = 10.0.40219.1
Project("{FAE04EC0-301F-11D3-BF4B-00C04F79EFBC}") = "TicTacToe", "TicTacToe\TicTacToe.csproj", "{C92420CE-C440-4A3A-BFF3-946B92103344}"
EndProject
Project("{2150E333-8FDC-42A3-9474-1A3956D46DE8}") = "Solution Items", "Solution Items", "{FD186B08-5CA0-4942-8770-2D9542DF06E6}"
	ProjectSection(SolutionItems) = preProject
		.gitignore = .gitignore
	EndProjectSection
EndProject
Global
	GlobalSection(SolutionConfigurationPlatforms) = preSolution
		Debug|Any CPU = Debug|Any CPU
		Release|Any CPU = Release|Any CPU
	EndGlobalSection
	GlobalSection(ProjectConfigurationPlatforms) = postSolution
		{C92420CE-C440-4A3A-BFF3-946B92103344}.Debug|Any CPU.ActiveCfg = Debug|Any CPU
		{C92420CE-C440-4A3A-BFF3-946B92103344}.Debug|Any CPU.Build.0 = Debug|Any CPU
		{C92420CE-C440-4A3A-BFF3-946B92103344}.Release|Any CPU.ActiveCfg = Release|Any CPU
		{C92420CE-C440-4A3A-BFF3-946B92103344}.Release|Any CPU.Build.0 = Release|Any CPU
	EndGlobalSection
	GlobalSection(SolutionProperties) = preSolution
		HideSolutionNode = FALSE
	EndGlobalSection
	GlobalSection(ExtensibilityGlobals) = postSolution
		SolutionGuid = {B5A6B0C8-924F-45B4-8BC4-A9B646727FB3}
	EndGlobalSection
EndGlobal
